// !$*UTF8*$!
{
	archiveVersion = 1;
	classes = {
	};
	objectVersion = 50;
	objects = {

/* Begin PBXBuildFile section */
		A37355B62315E77E008C39A2 /* AppDelegate.swift in Sources */ = {isa = PBXBuildFile; fileRef = A37355B52315E77E008C39A2 /* AppDelegate.swift */; };
		A37355B82315E77E008C39A2 /* WelcomeViewController.swift in Sources */ = {isa = PBXBuildFile; fileRef = A37355B72315E77E008C39A2 /* WelcomeViewController.swift */; };
		A37355BB2315E77E008C39A2 /* Main.storyboard in Resources */ = {isa = PBXBuildFile; fileRef = A37355B92315E77E008C39A2 /* Main.storyboard */; };
		A37355BE2315E77E008C39A2 /* FlashChat.xcdatamodeld in Sources */ = {isa = PBXBuildFile; fileRef = A37355BC2315E77E008C39A2 /* FlashChat.xcdatamodeld */; };
		A37355C02315E77F008C39A2 /* Assets.xcassets in Resources */ = {isa = PBXBuildFile; fileRef = A37355BF2315E77F008C39A2 /* Assets.xcassets */; };
		A37355C32315E77F008C39A2 /* LaunchScreen.storyboard in Resources */ = {isa = PBXBuildFile; fileRef = A37355C12315E77F008C39A2 /* LaunchScreen.storyboard */; };
		A37355CF2315EB95008C39A2 /* RegisterViewController.swift in Sources */ = {isa = PBXBuildFile; fileRef = A37355CE2315EB95008C39A2 /* RegisterViewController.swift */; };
		A37355D12315ED02008C39A2 /* LoginViewController.swift in Sources */ = {isa = PBXBuildFile; fileRef = A37355D02315ED02008C39A2 /* LoginViewController.swift */; };
		A37355D32315EDAB008C39A2 /* ChatViewController.swift in Sources */ = {isa = PBXBuildFile; fileRef = A37355D22315EDAB008C39A2 /* ChatViewController.swift */; };
/* End PBXBuildFile section */

/* Begin PBXFileReference section */
		A37355B22315E77E008C39A2 /* FlashChat.app */ = {isa = PBXFileReference; explicitFileType = wrapper.application; includeInIndex = 0; path = FlashChat.app; sourceTree = BUILT_PRODUCTS_DIR; };
		A37355B52315E77E008C39A2 /* AppDelegate.swift */ = {isa = PBXFileReference; lastKnownFileType = sourcecode.swift; path = AppDelegate.swift; sourceTree = "<group>"; };
		A37355B72315E77E008C39A2 /* WelcomeViewController.swift */ = {isa = PBXFileReference; lastKnownFileType = sourcecode.swift; path = WelcomeViewController.swift; sourceTree = "<group>"; };
		A37355BA2315E77E008C39A2 /* Base */ = {isa = PBXFileReference; lastKnownFileType = file.storyboard; name = Base; path = Base.lproj/Main.storyboard; sourceTree = "<group>"; };
		A37355BD2315E77E008C39A2 /* FlashChat.xcdatamodel */ = {isa = PBXFileReference; lastKnownFileType = wrapper.xcdatamodel; path = FlashChat.xcdatamodel; sourceTree = "<group>"; };
		A37355BF2315E77F008C39A2 /* Assets.xcassets */ = {isa = PBXFileReference; lastKnownFileType = folder.assetcatalog; path = Assets.xcassets; sourceTree = "<group>"; };
		A37355C22315E77F008C39A2 /* Base */ = {isa = PBXFileReference; lastKnownFileType = file.storyboard; name = Base; path = Base.lproj/LaunchScreen.storyboard; sourceTree = "<group>"; };
		A37355C42315E77F008C39A2 /* Info.plist */ = {isa = PBXFileReference; lastKnownFileType = text.plist.xml; path = Info.plist; sourceTree = "<group>"; };
		A37355CE2315EB95008C39A2 /* RegisterViewController.swift */ = {isa = PBXFileReference; lastKnownFileType = sourcecode.swift; path = RegisterViewController.swift; sourceTree = "<group>"; };
		A37355D02315ED02008C39A2 /* LoginViewController.swift */ = {isa = PBXFileReference; lastKnownFileType = sourcecode.swift; path = LoginViewController.swift; sourceTree = "<group>"; };
		A37355D22315EDAB008C39A2 /* ChatViewController.swift */ = {isa = PBXFileReference; lastKnownFileType = sourcecode.swift; path = ChatViewController.swift; sourceTree = "<group>"; };
/* End PBXFileReference section */

/* Begin PBXFrameworksBuildPhase section */
		A37355AF2315E77E008C39A2 /* Frameworks */ = {
			isa = PBXFrameworksBuildPhase;
			buildActionMask = 2147483647;
			files = (
			);
			runOnlyForDeploymentPostprocessing = 0;
		};
/* End PBXFrameworksBuildPhase section */

/* Begin PBXGroup section */
		A37355A92315E77E008C39A2 = {
			isa = PBXGroup;
			children = (
				A37355B42315E77E008C39A2 /* FlashChat */,
				A37355B32315E77E008C39A2 /* Products */,
			);
			sourceTree = "<group>";
		};
		A37355B32315E77E008C39A2 /* Products */ = {
			isa = PBXGroup;
			children = (
				A37355B22315E77E008C39A2 /* FlashChat.app */,
			);
			name = Products;
			sourceTree = "<group>";
		};
		A37355B42315E77E008C39A2 /* FlashChat */ = {
			isa = PBXGroup;
			children = (
				A37355CA2315E98B008C39A2 /* Model */,
				A37355CB2315E993008C39A2 /* View */,
				A37355CC2315E9A3008C39A2 /* Controller */,
				A37355CD2315E9F8008C39A2 /* Supporting Files */,
				A37355BC2315E77E008C39A2 /* FlashChat.xcdatamodeld */,
			);
			path = FlashChat;
			sourceTree = "<group>";
		};
		A37355CA2315E98B008C39A2 /* Model */ = {
			isa = PBXGroup;
			children = (
			);
			path = Model;
			sourceTree = "<group>";
		};
		A37355CB2315E993008C39A2 /* View */ = {
			isa = PBXGroup;
			children = (
				A37355C12315E77F008C39A2 /* LaunchScreen.storyboard */,
				A37355B92315E77E008C39A2 /* Main.storyboard */,
			);
			path = View;
			sourceTree = "<group>";
		};
		A37355CC2315E9A3008C39A2 /* Controller */ = {
			isa = PBXGroup;
			children = (
				A37355B52315E77E008C39A2 /* AppDelegate.swift */,
				A37355B72315E77E008C39A2 /* WelcomeViewController.swift */,
				A37355CE2315EB95008C39A2 /* RegisterViewController.swift */,
				A37355D02315ED02008C39A2 /* LoginViewController.swift */,
				A37355D22315EDAB008C39A2 /* ChatViewController.swift */,
			);
			path = Controller;
			sourceTree = "<group>";
		};
		A37355CD2315E9F8008C39A2 /* Supporting Files */ = {
			isa = PBXGroup;
			children = (
				A37355BF2315E77F008C39A2 /* Assets.xcassets */,
				A37355C42315E77F008C39A2 /* Info.plist */,
			);
			path = "Supporting Files";
			sourceTree = "<group>";
		};
/* End PBXGroup section */

/* Begin PBXNativeTarget section */
		A37355B12315E77E008C39A2 /* FlashChat */ = {
			isa = PBXNativeTarget;
			buildConfigurationList = A37355C72315E77F008C39A2 /* Build configuration list for PBXNativeTarget "FlashChat" */;
			buildPhases = (
				A37355AE2315E77E008C39A2 /* Sources */,
				A37355AF2315E77E008C39A2 /* Frameworks */,
				A37355B02315E77E008C39A2 /* Resources */,
			);
			buildRules = (
			);
			dependencies = (
			);
			name = FlashChat;
			productName = FlashChat;
			productReference = A37355B22315E77E008C39A2 /* FlashChat.app */;
			productType = "com.apple.product-type.application";
		};
/* End PBXNativeTarget section */

/* Begin PBXProject section */
		A37355AA2315E77E008C39A2 /* Project object */ = {
			isa = PBXProject;
			attributes = {
				LastSwiftUpdateCheck = 1030;
				LastUpgradeCheck = 1030;
				ORGANIZATIONNAME = "Prince Kumar";
				TargetAttributes = {
					A37355B12315E77E008C39A2 = {
						CreatedOnToolsVersion = 10.3;
					};
				};
			};
			buildConfigurationList = A37355AD2315E77E008C39A2 /* Build configuration list for PBXProject "FlashChat" */;
			compatibilityVersion = "Xcode 9.3";
			developmentRegion = en;
			hasScannedForEncodings = 0;
			knownRegions = (
				en,
				Base,
			);
			mainGroup = A37355A92315E77E008C39A2;
			productRefGroup = A37355B32315E77E008C39A2 /* Products */;
			projectDirPath = "";
			projectRoot = "";
			targets = (
				A37355B12315E77E008C39A2 /* FlashChat */,
			);
		};
/* End PBXProject section */

/* Begin PBXResourcesBuildPhase section */
		A37355B02315E77E008C39A2 /* Resources */ = {
			isa = PBXResourcesBuildPhase;
			buildActionMask = 2147483647;
			files = (
				A37355C32315E77F008C39A2 /* LaunchScreen.storyboard in Resources */,
				A37355C02315E77F008C39A2 /* Assets.xcassets in Resources */,
				A37355BB2315E77E008C39A2 /* Main.storyboard in Resources */,
			);
			runOnlyForDeploymentPostprocessing = 0;
		};
/* End PBXResourcesBuildPhase section */

/* Begin PBXSourcesBuildPhase section */
		A37355AE2315E77E008C39A2 /* Sources */ = {
			isa = PBXSourcesBuildPhase;
			buildActionMask = 2147483647;
			files = (
				A37355B82315E77E008C39A2 /* WelcomeViewController.swift in Sources */,
				A37355B62315E77E008C39A2 /* AppDelegate.swift in Sources */,
				A37355BE2315E77E008C39A2 /* FlashChat.xcdatamodeld in Sources */,
				A37355D12315ED02008C39A2 /* LoginViewController.swift in Sources */,
				A37355D32315EDAB008C39A2 /* ChatViewController.swift in Sources */,
				A37355CF2315EB95008C39A2 /* RegisterViewController.swift in Sources */,
			);
			runOnlyForDeploymentPostprocessing = 0;
		};
/* End PBXSourcesBuildPhase section */

/* Begin PBXVariantGroup section */
		A37355B92315E77E008C39A2 /* Main.storyboard */ = {
			isa = PBXVariantGroup;
			children = (
				A37355BA2315E77E008C39A2 /* Base */,
			);
			name = Main.storyboard;
			sourceTree = "<group>";
		};
		A37355C12315E77F008C39A2 /* LaunchScreen.storyboard */ = {
			isa = PBXVariantGroup;
			children = (
				A37355C22315E77F008C39A2 /* Base */,
			);
			name = LaunchScreen.storyboard;
			sourceTree = "<group>";
		};
/* End PBXVariantGroup section */

/* Begin XCBuildConfiguration section */
		A37355C52315E77F008C39A2 /* Debug */ = {
			isa = XCBuildConfiguration;
			buildSettings = {
				ALWAYS_SEARCH_USER_PATHS = NO;
				CLANG_ANALYZER_NONNULL = YES;
				CLANG_ANALYZER_NUMBER_OBJECT_CONVERSION = YES_AGGRESSIVE;
				CLANG_CXX_LANGUAGE_STANDARD = "gnu++14";
				CLANG_CXX_LIBRARY = "libc++";
				CLANG_ENABLE_MODULES = YES;
				CLANG_ENABLE_OBJC_ARC = YES;
				CLANG_ENABLE_OBJC_WEAK = YES;
				CLANG_WARN_BLOCK_CAPTURE_AUTORELEASING = YES;
				CLANG_WARN_BOOL_CONVERSION = YES;
				CLANG_WARN_COMMA = YES;
				CLANG_WARN_CONSTANT_CONVERSION = YES;
				CLANG_WARN_DEPRECATED_OBJC_IMPLEMENTATIONS = YES;
				CLANG_WARN_DIRECT_OBJC_ISA_USAGE = YES_ERROR;
				CLANG_WARN_DOCUMENTATION_COMMENTS = YES;
				CLANG_WARN_EMPTY_BODY = YES;
				CLANG_WARN_ENUM_CONVERSION = YES;
				CLANG_WARN_INFINITE_RECURSION = YES;
				CLANG_WARN_INT_CONVERSION = YES;
				CLANG_WARN_NON_LITERAL_NULL_CONVERSION = YES;
				CLANG_WARN_OBJC_IMPLICIT_RETAIN_SELF = YES;
				CLANG_WARN_OBJC_LITERAL_CONVERSION = YES;
				CLANG_WARN_OBJC_ROOT_CLASS = YES_ERROR;
				CLANG_WARN_RANGE_LOOP_ANALYSIS = YES;
				CLANG_WARN_STRICT_PROTOTYPES = YES;
				CLANG_WARN_SUSPICIOUS_MOVE = YES;
				CLANG_WARN_UNGUARDED_AVAILABILITY = YES_AGGRESSIVE;
				CLANG_WARN_UNREACHABLE_CODE = YES;
				CLANG_WARN__DUPLICATE_METHOD_MATCH = YES;
				CODE_SIGN_IDENTITY = "iPhone Developer";
				COPY_PHASE_STRIP = NO;
				DEBUG_INFORMATION_FORMAT = dwarf;
				ENABLE_STRICT_OBJC_MSGSEND = YES;
				ENABLE_TESTABILITY = YES;
				GCC_C_LANGUAGE_STANDARD = gnu11;
				GCC_DYNAMIC_NO_PIC = NO;
				GCC_NO_COMMON_BLOCKS = YES;
				GCC_OPTIMIZATION_LEVEL = 0;
				GCC_PREPROCESSOR_DEFINITIONS = (
					"DEBUG=1",
					"$(inherited)",
				);
				GCC_WARN_64_TO_32_BIT_CONVERSION = YES;
				GCC_WARN_ABOUT_RETURN_TYPE = YES_ERROR;
				GCC_WARN_UNDECLARED_SELECTOR = YES;
				GCC_WARN_UNINITIALIZED_AUTOS = YES_AGGRESSIVE;
				GCC_WARN_UNUSED_FUNCTION = YES;
				GCC_WARN_UNUSED_VARIABLE = YES;
				IPHONEOS_DEPLOYMENT_TARGET = 12.4;
				MTL_ENABLE_DEBUG_INFO = INCLUDE_SOURCE;
				MTL_FAST_MATH = YES;
				ONLY_ACTIVE_ARCH = YES;
				SDKROOT = iphoneos;
				SWIFT_ACTIVE_COMPILATION_CONDITIONS = DEBUG;
				SWIFT_OPTIMIZATION_LEVEL = "-Onone";
			};
			name = Debug;
		};
		A37355C62315E77F008C39A2 /* Release */ = {
			isa = XCBuildConfiguration;
			buildSettings = {
				ALWAYS_SEARCH_USER_PATHS = NO;
				CLANG_ANALYZER_NONNULL = YES;
				CLANG_ANALYZER_NUMBER_OBJECT_CONVERSION = YES_AGGRESSIVE;
				CLANG_CXX_LANGUAGE_STANDARD = "gnu++14";
				CLANG_CXX_LIBRARY = "libc++";
				CLANG_ENABLE_MODULES = YES;
				CLANG_ENABLE_OBJC_ARC = YES;
				CLANG_ENABLE_OBJC_WEAK = YES;
				CLANG_WARN_BLOCK_CAPTURE_AUTORELEASING = YES;
				CLANG_WARN_BOOL_CONVERSION = YES;
				CLANG_WARN_COMMA = YES;
				CLANG_WARN_CONSTANT_CONVERSION = YES;
				CLANG_WARN_DEPRECATED_OBJC_IMPLEMENTATIONS = YES;
				CLANG_WARN_DIRECT_OBJC_ISA_USAGE = YES_ERROR;
				CLANG_WARN_DOCUMENTATION_COMMENTS = YES;
				CLANG_WARN_EMPTY_BODY = YES;
				CLANG_WARN_ENUM_CONVERSION = YES;
				CLANG_WARN_INFINITE_RECURSION = YES;
				CLANG_WARN_INT_CONVERSION = YES;
				CLANG_WARN_NON_LITERAL_NULL_CONVERSION = YES;
				CLANG_WARN_OBJC_IMPLICIT_RETAIN_SELF = YES;
				CLANG_WARN_OBJC_LITERAL_CONVERSION = YES;
				CLANG_WARN_OBJC_ROOT_CLASS = YES_ERROR;
				CLANG_WARN_RANGE_LOOP_ANALYSIS = YES;
				CLANG_WARN_STRICT_PROTOTYPES = YES;
				CLANG_WARN_SUSPICIOUS_MOVE = YES;
				CLANG_WARN_UNGUARDED_AVAILABILITY = YES_AGGRESSIVE;
				CLANG_WARN_UNREACHABLE_CODE = YES;
				CLANG_WARN__DUPLICATE_METHOD_MATCH = YES;
				CODE_SIGN_IDENTITY = "iPhone Developer";
				COPY_PHASE_STRIP = NO;
				DEBUG_INFORMATION_FORMAT = "dwarf-with-dsym";
				ENABLE_NS_ASSERTIONS = NO;
				ENABLE_STRICT_OBJC_MSGSEND = YES;
				GCC_C_LANGUAGE_STANDARD = gnu11;
				GCC_NO_COMMON_BLOCKS = YES;
				GCC_WARN_64_TO_32_BIT_CONVERSION = YES;
				GCC_WARN_ABOUT_RETURN_TYPE = YES_ERROR;
				GCC_WARN_UNDECLARED_SELECTOR = YES;
				GCC_WARN_UNINITIALIZED_AUTOS = YES_AGGRESSIVE;
				GCC_WARN_UNUSED_FUNCTION = YES;
				GCC_WARN_UNUSED_VARIABLE = YES;
				IPHONEOS_DEPLOYMENT_TARGET = 12.4;
				MTL_ENABLE_DEBUG_INFO = NO;
				MTL_FAST_MATH = YES;
				SDKROOT = iphoneos;
				SWIFT_COMPILATION_MODE = wholemodule;
				SWIFT_OPTIMIZATION_LEVEL = "-O";
				VALIDATE_PRODUCT = YES;
			};
			name = Release;
		};
		A37355C82315E77F008C39A2 /* Debug */ = {
			isa = XCBuildConfiguration;
			buildSettings = {
				ASSETCATALOG_COMPILER_APPICON_NAME = AppIcon;
				CODE_SIGN_STYLE = Automatic;
				INFOPLIST_FILE = "$(SRCROOT)/FlashChat/Supporting Files/Info.plist";
				LD_RUNPATH_SEARCH_PATHS = (
					"$(inherited)",
					"@executable_path/Frameworks",
				);
				PRODUCT_BUNDLE_IDENTIFIER = com.princekr.ios.FlashChat;
				PRODUCT_NAME = "$(TARGET_NAME)";
				SWIFT_VERSION = 5.0;
				TARGETED_DEVICE_FAMILY = "1,2";
			};
			name = Debug;
		};
		A37355C92315E77F008C39A2 /* Release */ = {
			isa = XCBuildConfiguration;
			buildSettings = {
				ASSETCATALOG_COMPILER_APPICON_NAME = AppIcon;
				CODE_SIGN_STYLE = Automatic;
				INFOPLIST_FILE = "$(SRCROOT)/FlashChat/Supporting Files/Info.plist";
				LD_RUNPATH_SEARCH_PATHS = (
					"$(inherited)",
					"@executable_path/Frameworks",
				);
				PRODUCT_BUNDLE_IDENTIFIER = com.princekr.ios.FlashChat;
				PRODUCT_NAME = "$(TARGET_NAME)";
				SWIFT_VERSION = 5.0;
				TARGETED_DEVICE_FAMILY = "1,2";
			};
			name = Release;
		};
/* End XCBuildConfiguration section */

/* Begin XCConfigurationList section */
		A37355AD2315E77E008C39A2 /* Build configuration list for PBXProject "FlashChat" */ = {
			isa = XCConfigurationList;
			buildConfigurations = (
				A37355C52315E77F008C39A2 /* Debug */,
				A37355C62315E77F008C39A2 /* Release */,
			);
			defaultConfigurationIsVisible = 0;
			defaultConfigurationName = Release;
		};
		A37355C72315E77F008C39A2 /* Build configuration list for PBXNativeTarget "FlashChat" */ = {
			isa = XCConfigurationList;
			buildConfigurations = (
				A37355C82315E77F008C39A2 /* Debug */,
				A37355C92315E77F008C39A2 /* Release */,
			);
			defaultConfigurationIsVisible = 0;
			defaultConfigurationName = Release;
		};
/* End XCConfigurationList section */

/* Begin XCVersionGroup section */
		A37355BC2315E77E008C39A2 /* FlashChat.xcdatamodeld */ = {
			isa = XCVersionGroup;
			children = (
				A37355BD2315E77E008C39A2 /* FlashChat.xcdatamodel */,
			);
			currentVersion = A37355BD2315E77E008C39A2 /* FlashChat.xcdatamodel */;
			path = FlashChat.xcdatamodeld;
			sourceTree = "<group>";
			versionGroupType = wrapper.xcdatamodel;
		};
/* End XCVersionGroup section */
	};
	rootObject = A37355AA2315E77E008C39A2 /* Project object */;
}
